
Microsoft Visual Studio Solution File, Format Version 12.00
# Visual Studio 15
VisualStudioVersion = 15.0.28307.1022
MinimumVisualStudioVersion = 10.0.40219.1
Project("{2150E333-8FDC-42A3-9474-1A3956D46DE8}") = "OpenGLESApp1", "OpenGLESApp1", "{17A1B65F-BEA7-4A26-8F30-723BAA49D742}"
EndProject
Project("{39E2626F-3545-4960-A6E8-258AD8476CE5}") = "OpenGLESApp1.Android.Packaging", "OpenGLESApp1\OpenGLESApp1.Android.Packaging\OpenGLESApp1.Android.Packaging.androidproj", "{509745C2-C52E-422A-B1FF-B4CEE2869143}"
EndProject
Project("{740547C8-F205-44CF-8284-0B59C7DD69BD}") = "OpenGLESApp1.iOS.Application", "OpenGLESApp1\OpenGLESApp1.iOS.Application\OpenGLESApp1.iOS.Application.xcodeproj\project.pbxproj", "{CAF89DCD-D194-48EA-B991-8792EAE76B44}"
EndProject
Project("{2150E333-8FDC-42A3-9474-1A3956D46DE8}") = "Libraries", "Libraries", "{5CF3D979-059D-4E39-82DD-C7A3A04FE686}"
EndProject
Project("{8BC9CEB8-8B4A-11D0-8D11-00A0C91BC942}") = "OpenGLESApp1.Shared", "OpenGLESApp1\OpenGLESApp1.Shared\OpenGLESApp1.Shared.vcxitems", "{47D71DC6-E222-4C2B-A6E9-5F9F7F45FE19}"
EndProject
Project("{8BC9CEB8-8B4A-11D0-8D11-00A0C91BC942}") = "OpenGLESApp1.Android.NativeActivity", "OpenGLESApp1\OpenGLESApp1.Android.NativeActivity\OpenGLESApp1.Android.NativeActivity.vcxproj", "{8BF70B61-0683-4FC7-856D-22AEE381F37C}"
EndProject
Project("{8BC9CEB8-8B4A-11D0-8D11-00A0C91BC942}") = "OpenGLESApp1.iOS.StaticLibrary", "OpenGLESApp1\OpenGLESApp1.iOS.StaticLibrary\OpenGLESApp1.iOS.StaticLibrary.vcxproj", "{98C4A43B-98F5-4787-ACCD-F35AF580B312}"
EndProject
Global
	GlobalSection(SharedMSBuildProjectFiles) = preSolution
		OpenGLESApp1\OpenGLESApp1.Shared\OpenGLESApp1.Shared.vcxitems*{47d71dc6-e222-4c2b-a6e9-5f9f7f45fe19}*SharedItemsImports = 9
		OpenGLESApp1\OpenGLESApp1.Shared\OpenGLESApp1.Shared.vcxitems*{8bf70b61-0683-4fc7-856d-22aee381f37c}*SharedItemsImports = 4
		OpenGLESApp1\OpenGLESApp1.Shared\OpenGLESApp1.Shared.vcxitems*{98c4a43b-98f5-4787-accd-f35af580b312}*SharedItemsImports = 4
	EndGlobalSection
	GlobalSection(SolutionConfigurationPlatforms) = preSolution
		Debug|ARM = Debug|ARM
		Debug|ARM64 = Debug|ARM64
		Debug|x64 = Debug|x64
		Debug|x86 = Debug|x86
		Release|ARM = Release|ARM
		Release|ARM64 = Release|ARM64
		Release|x64 = Release|x64
		Release|x86 = Release|x86
	EndGlobalSection
	GlobalSection(ProjectConfigurationPlatforms) = postSolution
		{509745C2-C52E-422A-B1FF-B4CEE2869143}.Debug|ARM.ActiveCfg = Debug|ARM
		{509745C2-C52E-422A-B1FF-B4CEE2869143}.Debug|ARM.Build.0 = Debug|ARM
		{509745C2-C52E-422A-B1FF-B4CEE2869143}.Debug|ARM.Deploy.0 = Debug|ARM
		{509745C2-C52E-422A-B1FF-B4CEE2869143}.Debug|ARM64.ActiveCfg = Debug|ARM64
		{509745C2-C52E-422A-B1FF-B4CEE2869143}.Debug|ARM64.Build.0 = Debug|ARM64
		{509745C2-C52E-422A-B1FF-B4CEE2869143}.Debug|ARM64.Deploy.0 = Debug|ARM64
		{509745C2-C52E-422A-B1FF-B4CEE2869143}.Debug|x64.ActiveCfg = Debug|x64
		{509745C2-C52E-422A-B1FF-B4CEE2869143}.Debug|x64.Build.0 = Debug|x64
		{509745C2-C52E-422A-B1FF-B4CEE2869143}.Debug|x64.Deploy.0 = Debug|x64
		{509745C2-C52E-422A-B1FF-B4CEE2869143}.Debug|x86.ActiveCfg = Debug|x86
		{509745C2-C52E-422A-B1FF-B4CEE2869143}.Debug|x86.Build.0 = Debug|x86
		{509745C2-C52E-422A-B1FF-B4CEE2869143}.Debug|x86.Deploy.0 = Debug|x86
		{509745C2-C52E-422A-B1FF-B4CEE2869143}.Release|ARM.ActiveCfg = Release|ARM
		{509745C2-C52E-422A-B1FF-B4CEE2869143}.Release|ARM.Build.0 = Release|ARM
		{509745C2-C52E-422A-B1FF-B4CEE2869143}.Release|ARM.Deploy.0 = Release|ARM
		{509745C2-C52E-422A-B1FF-B4CEE2869143}.Release|ARM64.ActiveCfg = Release|ARM64
		{509745C2-C52E-422A-B1FF-B4CEE2869143}.Release|ARM64.Build.0 = Release|ARM64
		{509745C2-C52E-422A-B1FF-B4CEE2869143}.Release|ARM64.Deploy.0 = Release|ARM64
		{509745C2-C52E-422A-B1FF-B4CEE2869143}.Release|x64.ActiveCfg = Release|x64
		{509745C2-C52E-422A-B1FF-B4CEE2869143}.Release|x64.Build.0 = Release|x64
		{509745C2-C52E-422A-B1FF-B4CEE2869143}.Release|x64.Deploy.0 = Release|x64
		{509745C2-C52E-422A-B1FF-B4CEE2869143}.Release|x86.ActiveCfg = Release|x86
		{509745C2-C52E-422A-B1FF-B4CEE2869143}.Release|x86.Build.0 = Release|x86
		{509745C2-C52E-422A-B1FF-B4CEE2869143}.Release|x86.Deploy.0 = Release|x86
		{CAF89DCD-D194-48EA-B991-8792EAE76B44}.Debug|ARM.ActiveCfg = Debug|ARM
		{CAF89DCD-D194-48EA-B991-8792EAE76B44}.Debug|ARM.Build.0 = Debug|ARM
		{CAF89DCD-D194-48EA-B991-8792EAE76B44}.Debug|ARM.Deploy.0 = Debug|ARM
		{CAF89DCD-D194-48EA-B991-8792EAE76B44}.Debug|ARM64.ActiveCfg = Debug|ARM64
		{CAF89DCD-D194-48EA-B991-8792EAE76B44}.Debug|ARM64.Build.0 = Debug|ARM64
		{CAF89DCD-D194-48EA-B991-8792EAE76B44}.Debug|ARM64.Deploy.0 = Debug|ARM64
		{CAF89DCD-D194-48EA-B991-8792EAE76B44}.Debug|x64.ActiveCfg = Debug|x64
		{CAF89DCD-D194-48EA-B991-8792EAE76B44}.Debug|x64.Build.0 = Debug|x64
		{CAF89DCD-D194-48EA-B991-8792EAE76B44}.Debug|x64.Deploy.0 = Debug|x64
		{CAF89DCD-D194-48EA-B991-8792EAE76B44}.Debug|x86.ActiveCfg = Debug|x86
		{CAF89DCD-D194-48EA-B991-8792EAE76B44}.Debug|x86.Build.0 = Debug|x86
		{CAF89DCD-D194-48EA-B991-8792EAE76B44}.Debug|x86.Deploy.0 = Debug|x86
		{CAF89DCD-D194-48EA-B991-8792EAE76B44}.Release|ARM.ActiveCfg = Release|ARM
		{CAF89DCD-D194-48EA-B991-8792EAE76B44}.Release|ARM.Build.0 = Release|ARM
		{CAF89DCD-D194-48EA-B991-8792EAE76B44}.Release|ARM.Deploy.0 = Release|ARM
		{CAF89DCD-D194-48EA-B991-8792EAE76B44}.Release|ARM64.ActiveCfg = Release|ARM64
		{CAF89DCD-D194-48EA-B991-8792EAE76B44}.Release|ARM64.Build.0 = Release|ARM64
		{CAF89DCD-D194-48EA-B991-8792EAE76B44}.Release|ARM64.Deploy.0 = Release|ARM64
		{CAF89DCD-D194-48EA-B991-8792EAE76B44}.Release|x64.ActiveCfg = Release|x64
		{CAF89DCD-D194-48EA-B991-8792EAE76B44}.Release|x64.Build.0 = Release|x64
		{CAF89DCD-D194-48EA-B991-8792EAE76B44}.Release|x64.Deploy.0 = Release|x64
		{CAF89DCD-D194-48EA-B991-8792EAE76B44}.Release|x86.ActiveCfg = Release|x86
		{CAF89DCD-D194-48EA-B991-8792EAE76B44}.Release|x86.Build.0 = Release|x86
		{CAF89DCD-D194-48EA-B991-8792EAE76B44}.Release|x86.Deploy.0 = Release|x86
		{8BF70B61-0683-4FC7-856D-22AEE381F37C}.Debug|ARM.ActiveCfg = Debug|ARM
		{8BF70B61-0683-4FC7-856D-22AEE381F37C}.Debug|ARM.Build.0 = Debug|ARM
		{8BF70B61-0683-4FC7-856D-22AEE381F37C}.Debug|ARM64.ActiveCfg = Debug|ARM64
		{8BF70B61-0683-4FC7-856D-22AEE381F37C}.Debug|ARM64.Build.0 = Debug|ARM64
		{8BF70B61-0683-4FC7-856D-22AEE381F37C}.Debug|x64.ActiveCfg = Debug|x64
		{8BF70B61-0683-4FC7-856D-22AEE381F37C}.Debug|x64.Build.0 = Debug|x64
		{8BF70B61-0683-4FC7-856D-22AEE381F37C}.Debug|x86.ActiveCfg = Debug|x86
		{8BF70B61-0683-4FC7-856D-22AEE381F37C}.Debug|x86.Build.0 = Debug|x86
		{8BF70B61-0683-4FC7-856D-22AEE381F37C}.Release|ARM.ActiveCfg = Release|ARM
		{8BF70B61-0683-4FC7-856D-22AEE381F37C}.Release|ARM.Build.0 = Release|ARM
		{8BF70B61-0683-4FC7-856D-22AEE381F37C}.Release|ARM64.ActiveCfg = Release|ARM64
		{8BF70B61-0683-4FC7-856D-22AEE381F37C}.Release|ARM64.Build.0 = Release|ARM64
		{8BF70B61-0683-4FC7-856D-22AEE381F37C}.Release|x64.ActiveCfg = Release|x64
		{8BF70B61-0683-4FC7-856D-22AEE381F37C}.Release|x64.Build.0 = Release|x64
		{8BF70B61-0683-4FC7-856D-22AEE381F37C}.Release|x86.ActiveCfg = Release|x86
		{8BF70B61-0683-4FC7-856D-22AEE381F37C}.Release|x86.Build.0 = Release|x86
		{98C4A43B-98F5-4787-ACCD-F35AF580B312}.Debug|ARM.ActiveCfg = Debug|ARM
		{98C4A43B-98F5-4787-ACCD-F35AF580B312}.Debug|ARM.Build.0 = Debug|ARM
		{98C4A43B-98F5-4787-ACCD-F35AF580B312}.Debug|ARM64.ActiveCfg = Debug|ARM64
		{98C4A43B-98F5-4787-ACCD-F35AF580B312}.Debug|ARM64.Build.0 = Debug|ARM64
		{98C4A43B-98F5-4787-ACCD-F35AF580B312}.Debug|x64.ActiveCfg = Debug|x64
		{98C4A43B-98F5-4787-ACCD-F35AF580B312}.Debug|x64.Build.0 = Debug|x64
		{98C4A43B-98F5-4787-ACCD-F35AF580B312}.Debug|x86.ActiveCfg = Debug|x86
		{98C4A43B-98F5-4787-ACCD-F35AF580B312}.Debug|x86.Build.0 = Debug|x86
		{98C4A43B-98F5-4787-ACCD-F35AF580B312}.Release|ARM.ActiveCfg = Release|ARM
		{98C4A43B-98F5-4787-ACCD-F35AF580B312}.Release|ARM.Build.0 = Release|ARM
		{98C4A43B-98F5-4787-ACCD-F35AF580B312}.Release|ARM64.ActiveCfg = Release|ARM64
		{98C4A43B-98F5-4787-ACCD-F35AF580B312}.Release|ARM64.Build.0 = Release|ARM64
		{98C4A43B-98F5-4787-ACCD-F35AF580B312}.Release|x64.ActiveCfg = Release|x64
		{98C4A43B-98F5-4787-ACCD-F35AF580B312}.Release|x64.Build.0 = Release|x64
		{98C4A43B-98F5-4787-ACCD-F35AF580B312}.Release|x86.ActiveCfg = Release|x86
		{98C4A43B-98F5-4787-ACCD-F35AF580B312}.Release|x86.Build.0 = Release|x86
	EndGlobalSection
	GlobalSection(SolutionProperties) = preSolution
		HideSolutionNode = FALSE
	EndGlobalSection
	GlobalSection(NestedProjects) = preSolution
		{509745C2-C52E-422A-B1FF-B4CEE2869143} = {17A1B65F-BEA7-4A26-8F30-723BAA49D742}
		{CAF89DCD-D194-48EA-B991-8792EAE76B44} = {17A1B65F-BEA7-4A26-8F30-723BAA49D742}
		{5CF3D979-059D-4E39-82DD-C7A3A04FE686} = {17A1B65F-BEA7-4A26-8F30-723BAA49D742}
		{47D71DC6-E222-4C2B-A6E9-5F9F7F45FE19} = {5CF3D979-059D-4E39-82DD-C7A3A04FE686}
		{8BF70B61-0683-4FC7-856D-22AEE381F37C} = {5CF3D979-059D-4E39-82DD-C7A3A04FE686}
		{98C4A43B-98F5-4787-ACCD-F35AF580B312} = {5CF3D979-059D-4E39-82DD-C7A3A04FE686}
	EndGlobalSection
	GlobalSection(ExtensibilityGlobals) = postSolution
		SolutionGuid = {E49D874C-7BC1-4D47-B100-DBD66C1B9962}
	EndGlobalSection
EndGlobal
