
Microsoft Visual Studio Solution File, Format Version 12.00
# Visual Studio 15
VisualStudioVersion = 15.0.28307.1022
MinimumVisualStudioVersion = 10.0.40219.1
Project("{FAE04EC0-301F-11D3-BF4B-00C04F79EFBC}") = "Phoneword", "Phoneword\Phoneword.csproj", "{C1E92E35-17A8-41B8-B308-CAC18A15988C}"
EndProject
Global
	GlobalSection(SolutionConfigurationPlatforms) = preSolution
		Debug|Any CPU = Debug|Any CPU
		Release|Any CPU = Release|Any CPU
	EndGlobalSection
	GlobalSection(ProjectConfigurationPlatforms) = postSolution
		{C1E92E35-17A8-41B8-B308-CAC18A15988C}.Debug|Any CPU.ActiveCfg = Debug|Any CPU
		{C1E92E35-17A8-41B8-B308-CAC18A15988C}.Debug|Any CPU.Build.0 = Debug|Any CPU
		{C1E92E35-17A8-41B8-B308-CAC18A15988C}.Debug|Any CPU.Deploy.0 = Debug|Any CPU
		{C1E92E35-17A8-41B8-B308-CAC18A15988C}.Release|Any CPU.ActiveCfg = Release|Any CPU
		{C1E92E35-17A8-41B8-B308-CAC18A15988C}.Release|Any CPU.Build.0 = Release|Any CPU
		{C1E92E35-17A8-41B8-B308-CAC18A15988C}.Release|Any CPU.Deploy.0 = Release|Any CPU
	EndGlobalSection
	GlobalSection(SolutionProperties) = preSolution
		HideSolutionNode = FALSE
	EndGlobalSection
	GlobalSection(ExtensibilityGlobals) = postSolution
		SolutionGuid = {4E936861-5513-45E1-AFE7-2C692280C991}
	EndGlobalSection
EndGlobal
